PODS:
  - AFNetworking (3.0.4):
    - AFNetworking/NSURLSession (= 3.0.4)
    - AFNetworking/Reachability (= 3.0.4)
    - AFNetworking/Security (= 3.0.4)
    - AFNetworking/Serialization (= 3.0.4)
    - AFNetworking/UIKit (= 3.0.4)
  - AFNetworking/NSURLSession (3.0.4):
    - AFNetworking/Reachability
    - AFNetworking/Security
    - AFNetworking/Serialization
  - AFNetworking/Reachability (3.0.4)
  - AFNetworking/Security (3.0.4)
  - AFNetworking/Serialization (3.0.4)
  - AFNetworking/UIKit (3.0.4):
    - AFNetworking/NSURLSession
  - AMapNavi (1.4.0)
  - AMapSearch (3.1.0)
  - Aspects (1.4.1)
  - CocoaAsyncSocket (7.4.3):
    - CocoaAsyncSocket/All (= 7.4.3)
  - CocoaAsyncSocket/All (7.4.3):
    - CocoaAsyncSocket/GCD
    - CocoaAsyncSocket/RunLoop
  - CocoaAsyncSocket/GCD (7.4.3)
  - CocoaAsyncSocket/RunLoop (7.4.3)
  - FMDB (2.6.2):
    - FMDB/standard (= 2.6.2)
  - FMDB/standard (2.6.2)
  - IQKeyboardManager (3.3.7)
  - JVFloatLabeledTextField (1.1.1)
  - Masonry (0.6.4)
  - MBProgressHUD (0.9.2)
  - MJExtension (2.5.16)
  - MJRefresh (3.0.8)
  - PNChart (0.8.9):
    - UICountingLabel (~> 1.2.0)
  - pop (1.0.9)
  - UICountingLabel (1.2.0)

DEPENDENCIES:
  - AFNetworking (~> 3.0.4)
  - AMapNavi (~> 1.4.0)
  - AMapSearch (~> 3.1.0)
  - Aspects (~> 1.4.1)
  - CocoaAsyncSocket (~> 7.4.2)
  - FMDB (~> 2.5)
  - IQKeyboardManager (~> 3.3.4)
  - JVFloatLabeledTextField (~> 1.1.0)
  - Masonry (~> 0.6.3)
  - MBProgressHUD (~> 0.9.1)
  - MJExtension (~> 2.5.16)
  - MJRefresh (~> 3.0.0)
  - PNChart
  - pop (~> 1.0.8)

SPEC CHECKSUMS:
  AFNetworking: a0075feb321559dc78d9d85b55d11caa19eabb93
  AMapNavi: 096aef30201ca092c40a60f35795ad949824c8d4
  AMapSearch: aa7621ae8aec9cb8df116710b26e3fe3d09dc0ff
  Aspects: 7595ba96a6727a58ebcbfc954497fc5d2fdde546
  CocoaAsyncSocket: a18c75dca4b08723628a0bacca6e94803d90be91
  FMDB: 854a0341b4726e53276f2a8996f06f1b80f9259a
  IQKeyboardManager: 249c3946acf61345c18b038eb50863fe2793e3a8
  JVFloatLabeledTextField: 0e5524b097f102036214dd8279edc8ecf08b5e18
  Masonry: 281802d04d787ea2973179ee8bcb50500579ede2
  MBProgressHUD: 1569cf7ace17a8bac47aabfbb8580a49690386d1
  MJExtension: b8c1321a77d91bcc007b94d38cbf5383c95ea30e
  MJRefresh: fafde8f18f4afd66b434331a9beb67a6c0264056
  PNChart: 84774d225c2126ded6c93d4dbe6ae98c3a73c2d2
  pop: f667631a5108a2e60d9e8797c9b32ddaf2080bce
  UICountingLabel: 1db4e7d023e1762171eb226d6dff47a7a84f27aa

COCOAPODS: 0.39.0
